
Microsoft Visual Studio Solution File, Format Version 12.00
# Visual Studio Version 16
VisualStudioVersion = 16.0.30621.155
MinimumVisualStudioVersion = 10.0.40219.1
Project("{9A19103F-16F7-4668-BE54-9A1E7A4F7556}") = "BMM.Core", "BMM.Core\BMM.Core.csproj", "{5B0F239B-7BB5-4C18-AB02-44DCBD597D61}"
EndProject
Project("{FAE04EC0-301F-11D3-BF4B-00C04F79EFBC}") = "BMM.UI.iOS", "BMM.UI.iOS\BMM.UI.iOS.csproj", "{17B63452-8064-46E6-A1C8-DDF5605B5995}"
EndProject
Project("{2150E333-8FDC-42A3-9474-1A3956D46DE8}") = "BMM.Tests", "BMM.Tests", "{EB214B76-0520-4937-96E3-7EA52F140DBD}"
EndProject
Project("{9A19103F-16F7-4668-BE54-9A1E7A4F7556}") = "BMM.Core.Test", "BMM.Tests\BMM.Core.Test\BMM.Core.Test.csproj", "{112E9C42-C380-485D-B7B7-621C9B5FD70A}"
EndProject
Project("{FAE04EC0-301F-11D3-BF4B-00C04F79EFBC}") = "BMM.UITests", "BMM.Tests\BMM.UITests\BMM.UITests.csproj", "{DB0050F7-6900-4F8D-AF74-ECC3066256AB}"
EndProject
Project("{2150E333-8FDC-42A3-9474-1A3956D46DE8}") = "NuGet", "NuGet", "{0E017C2D-B67C-4922-9112-E7D9C6C47582}"
	ProjectSection(SolutionItems) = preProject
		nuget.config = nuget.config
	EndProjectSection
EndProject
Project("{FAE04EC0-301F-11D3-BF4B-00C04F79EFBC}") = "BMM.UI.Droid", "BMM.UI.Android\BMM.UI.Droid.csproj", "{9AB7A107-7947-4F98-8790-DC39AD51F4DE}"
EndProject
Project("{2150E333-8FDC-42A3-9474-1A3956D46DE8}") = "Solution Items", "Solution Items", "{26F14220-A320-47FE-8CE4-7693DEBB2FE9}"
	ProjectSection(SolutionItems) = preProject
		.gitignore = .gitignore
		README.md = README.md
		version-info.sh = version-info.sh
		azure-pipelines-android.yaml = azure-pipelines-android.yaml
		crowdin.yml = crowdin.yml
		azure-pipelines-ios.yaml = azure-pipelines-ios.yaml
		install-ndk-r21.ps1 = install-ndk-r21.ps1
	EndProjectSection
EndProject
Project("{FAE04EC0-301F-11D3-BF4B-00C04F79EFBC}") = "BMM.Api.Test", "BMM.Api.Test\BMM.Api.Test.csproj", "{7AB78A5C-B15C-47F0-A3E3-11ADE989ED3C}"
EndProject
Project("{9A19103F-16F7-4668-BE54-9A1E7A4F7556}") = "BMM.Api", "BMM.Api\BMM.Api.csproj", "{0C493C0D-E2A7-4D84-912F-303AD20234AE}"
EndProject
Project("{2150E333-8FDC-42A3-9474-1A3956D46DE8}") = "Tools", "Tools", "{3BDD4729-3E56-4124-92A5-46A922020FD4}"
EndProject
Project("{FAE04EC0-301F-11D3-BF4B-00C04F79EFBC}") = "BMM.TranslationKeysGenerator", "Tools\BMM.TranslationKeysGenerator\BMM.TranslationKeysGenerator.csproj", "{7E2D65BC-A7E8-49F8-8484-2EBA9828D0DE}"
EndProject
Project("{FAE04EC0-301F-11D3-BF4B-00C04F79EFBC}") = "BMM.UI.iOS.SiriIntents", "BMM.UI.iOS.SiriIntents\BMM.UI.iOS.SiriIntents.csproj", "{DDD61C48-3384-4D74-8FF7-1AB4BA7C3604}"
EndProject
Global
	GlobalSection(SolutionConfigurationPlatforms) = preSolution
		Debug|Any CPU = Debug|Any CPU
		Debug|iPhone = Debug|iPhone
		Debug|iPhoneSimulator = Debug|iPhoneSimulator
		INT|Any CPU = INT|Any CPU
		INT|iPhone = INT|iPhone
		INT|iPhoneSimulator = INT|iPhoneSimulator
		Release|Any CPU = Release|Any CPU
		Release|iPhone = Release|iPhone
		Release|iPhoneSimulator = Release|iPhoneSimulator
		UITests|iPhone = UITests|iPhone
	EndGlobalSection
	GlobalSection(ProjectConfigurationPlatforms) = postSolution
		{5B0F239B-7BB5-4C18-AB02-44DCBD597D61}.Debug|Any CPU.ActiveCfg = Debug|Any CPU
		{5B0F239B-7BB5-4C18-AB02-44DCBD597D61}.Debug|Any CPU.Build.0 = Debug|Any CPU
		{5B0F239B-7BB5-4C18-AB02-44DCBD597D61}.Debug|iPhone.ActiveCfg = Debug|Any CPU
		{5B0F239B-7BB5-4C18-AB02-44DCBD597D61}.Debug|iPhone.Build.0 = Debug|Any CPU
		{5B0F239B-7BB5-4C18-AB02-44DCBD597D61}.Debug|iPhoneSimulator.ActiveCfg = Debug|Any CPU
		{5B0F239B-7BB5-4C18-AB02-44DCBD597D61}.Debug|iPhoneSimulator.Build.0 = Debug|Any CPU
		{5B0F239B-7BB5-4C18-AB02-44DCBD597D61}.INT|Any CPU.ActiveCfg = INT|Any CPU
		{5B0F239B-7BB5-4C18-AB02-44DCBD597D61}.INT|Any CPU.Build.0 = INT|Any CPU
		{5B0F239B-7BB5-4C18-AB02-44DCBD597D61}.INT|iPhone.ActiveCfg = Release|Any CPU
		{5B0F239B-7BB5-4C18-AB02-44DCBD597D61}.INT|iPhone.Build.0 = Release|Any CPU
		{5B0F239B-7BB5-4C18-AB02-44DCBD597D61}.INT|iPhoneSimulator.ActiveCfg = Release|Any CPU
		{5B0F239B-7BB5-4C18-AB02-44DCBD597D61}.INT|iPhoneSimulator.Build.0 = Release|Any CPU
		{5B0F239B-7BB5-4C18-AB02-44DCBD597D61}.Release|Any CPU.ActiveCfg = Release|Any CPU
		{5B0F239B-7BB5-4C18-AB02-44DCBD597D61}.Release|Any CPU.Build.0 = Release|Any CPU
		{5B0F239B-7BB5-4C18-AB02-44DCBD597D61}.Release|iPhone.ActiveCfg = Release|Any CPU
		{5B0F239B-7BB5-4C18-AB02-44DCBD597D61}.Release|iPhone.Build.0 = Release|Any CPU
		{5B0F239B-7BB5-4C18-AB02-44DCBD597D61}.Release|iPhoneSimulator.ActiveCfg = Release|Any CPU
		{5B0F239B-7BB5-4C18-AB02-44DCBD597D61}.Release|iPhoneSimulator.Build.0 = Release|Any CPU
		{5B0F239B-7BB5-4C18-AB02-44DCBD597D61}.UITests|iPhone.ActiveCfg = Debug|Any CPU
		{5B0F239B-7BB5-4C18-AB02-44DCBD597D61}.UITests|iPhone.Build.0 = Debug|Any CPU
		{17B63452-8064-46E6-A1C8-DDF5605B5995}.Debug|Any CPU.ActiveCfg = Debug|iPhoneSimulator
		{17B63452-8064-46E6-A1C8-DDF5605B5995}.Debug|Any CPU.Build.0 = Debug|iPhoneSimulator
		{17B63452-8064-46E6-A1C8-DDF5605B5995}.Debug|iPhone.ActiveCfg = Debug|iPhone
		{17B63452-8064-46E6-A1C8-DDF5605B5995}.Debug|iPhone.Build.0 = Debug|iPhone
		{17B63452-8064-46E6-A1C8-DDF5605B5995}.Debug|iPhoneSimulator.ActiveCfg = Debug|iPhoneSimulator
		{17B63452-8064-46E6-A1C8-DDF5605B5995}.Debug|iPhoneSimulator.Build.0 = Debug|iPhoneSimulator
		{17B63452-8064-46E6-A1C8-DDF5605B5995}.INT|Any CPU.ActiveCfg = INT|iPhone
		{17B63452-8064-46E6-A1C8-DDF5605B5995}.INT|iPhone.ActiveCfg = INT|iPhone
		{17B63452-8064-46E6-A1C8-DDF5605B5995}.INT|iPhone.Build.0 = INT|iPhone
		{17B63452-8064-46E6-A1C8-DDF5605B5995}.INT|iPhoneSimulator.ActiveCfg = INT|iPhoneSimulator
		{17B63452-8064-46E6-A1C8-DDF5605B5995}.INT|iPhoneSimulator.Build.0 = INT|iPhoneSimulator
		{17B63452-8064-46E6-A1C8-DDF5605B5995}.Release|Any CPU.ActiveCfg = Release|iPhoneSimulator
		{17B63452-8064-46E6-A1C8-DDF5605B5995}.Release|Any CPU.Build.0 = Release|iPhoneSimulator
		{17B63452-8064-46E6-A1C8-DDF5605B5995}.Release|iPhone.ActiveCfg = Release|iPhone
		{17B63452-8064-46E6-A1C8-DDF5605B5995}.Release|iPhone.Build.0 = Release|iPhone
		{17B63452-8064-46E6-A1C8-DDF5605B5995}.Release|iPhoneSimulator.ActiveCfg = Release|iPhoneSimulator
		{17B63452-8064-46E6-A1C8-DDF5605B5995}.Release|iPhoneSimulator.Build.0 = Release|iPhoneSimulator
		{17B63452-8064-46E6-A1C8-DDF5605B5995}.UITests|iPhone.ActiveCfg = UITests|iPhone
		{17B63452-8064-46E6-A1C8-DDF5605B5995}.UITests|iPhone.Build.0 = UITests|iPhone
		{112E9C42-C380-485D-B7B7-621C9B5FD70A}.Debug|Any CPU.ActiveCfg = Debug|Any CPU
		{112E9C42-C380-485D-B7B7-621C9B5FD70A}.Debug|Any CPU.Build.0 = Debug|Any CPU
		{112E9C42-C380-485D-B7B7-621C9B5FD70A}.Debug|iPhone.ActiveCfg = Debug|Any CPU
		{112E9C42-C380-485D-B7B7-621C9B5FD70A}.Debug|iPhone.Build.0 = Debug|Any CPU
		{112E9C42-C380-485D-B7B7-621C9B5FD70A}.Debug|iPhoneSimulator.ActiveCfg = Debug|Any CPU
		{112E9C42-C380-485D-B7B7-621C9B5FD70A}.Debug|iPhoneSimulator.Build.0 = Debug|Any CPU
		{112E9C42-C380-485D-B7B7-621C9B5FD70A}.INT|Any CPU.ActiveCfg = INT|Any CPU
		{112E9C42-C380-485D-B7B7-621C9B5FD70A}.INT|Any CPU.Build.0 = INT|Any CPU
		{112E9C42-C380-485D-B7B7-621C9B5FD70A}.INT|iPhone.ActiveCfg = INT|Any CPU
		{112E9C42-C380-485D-B7B7-621C9B5FD70A}.INT|iPhone.Build.0 = INT|Any CPU
		{112E9C42-C380-485D-B7B7-621C9B5FD70A}.INT|iPhoneSimulator.ActiveCfg = INT|Any CPU
		{112E9C42-C380-485D-B7B7-621C9B5FD70A}.INT|iPhoneSimulator.Build.0 = INT|Any CPU
		{112E9C42-C380-485D-B7B7-621C9B5FD70A}.Release|Any CPU.ActiveCfg = Release|Any CPU
		{112E9C42-C380-485D-B7B7-621C9B5FD70A}.Release|Any CPU.Build.0 = Release|Any CPU
		{112E9C42-C380-485D-B7B7-621C9B5FD70A}.Release|iPhone.ActiveCfg = Release|Any CPU
		{112E9C42-C380-485D-B7B7-621C9B5FD70A}.Release|iPhone.Build.0 = Release|Any CPU
		{112E9C42-C380-485D-B7B7-621C9B5FD70A}.Release|iPhoneSimulator.ActiveCfg = Release|Any CPU
		{112E9C42-C380-485D-B7B7-621C9B5FD70A}.Release|iPhoneSimulator.Build.0 = Release|Any CPU
		{112E9C42-C380-485D-B7B7-621C9B5FD70A}.UITests|iPhone.ActiveCfg = Debug|Any CPU
		{112E9C42-C380-485D-B7B7-621C9B5FD70A}.UITests|iPhone.Build.0 = Debug|Any CPU
		{DB0050F7-6900-4F8D-AF74-ECC3066256AB}.Debug|Any CPU.ActiveCfg = Debug|Any CPU
		{DB0050F7-6900-4F8D-AF74-ECC3066256AB}.Debug|Any CPU.Build.0 = Debug|Any CPU
		{DB0050F7-6900-4F8D-AF74-ECC3066256AB}.Debug|iPhone.ActiveCfg = Debug|Any CPU
		{DB0050F7-6900-4F8D-AF74-ECC3066256AB}.Debug|iPhone.Build.0 = Debug|Any CPU
		{DB0050F7-6900-4F8D-AF74-ECC3066256AB}.Debug|iPhoneSimulator.ActiveCfg = Debug|Any CPU
		{DB0050F7-6900-4F8D-AF74-ECC3066256AB}.Debug|iPhoneSimulator.Build.0 = Debug|Any CPU
		{DB0050F7-6900-4F8D-AF74-ECC3066256AB}.INT|Any CPU.ActiveCfg = INT|Any CPU
		{DB0050F7-6900-4F8D-AF74-ECC3066256AB}.INT|Any CPU.Build.0 = INT|Any CPU
		{DB0050F7-6900-4F8D-AF74-ECC3066256AB}.INT|iPhone.ActiveCfg = INT|Any CPU
		{DB0050F7-6900-4F8D-AF74-ECC3066256AB}.INT|iPhone.Build.0 = INT|Any CPU
		{DB0050F7-6900-4F8D-AF74-ECC3066256AB}.INT|iPhoneSimulator.ActiveCfg = INT|Any CPU
		{DB0050F7-6900-4F8D-AF74-ECC3066256AB}.INT|iPhoneSimulator.Build.0 = INT|Any CPU
		{DB0050F7-6900-4F8D-AF74-ECC3066256AB}.Release|Any CPU.ActiveCfg = Release|Any CPU
		{DB0050F7-6900-4F8D-AF74-ECC3066256AB}.Release|Any CPU.Build.0 = Release|Any CPU
		{DB0050F7-6900-4F8D-AF74-ECC3066256AB}.Release|iPhone.ActiveCfg = Release|Any CPU
		{DB0050F7-6900-4F8D-AF74-ECC3066256AB}.Release|iPhone.Build.0 = Release|Any CPU
		{DB0050F7-6900-4F8D-AF74-ECC3066256AB}.Release|iPhoneSimulator.ActiveCfg = Release|Any CPU
		{DB0050F7-6900-4F8D-AF74-ECC3066256AB}.Release|iPhoneSimulator.Build.0 = Release|Any CPU
		{DB0050F7-6900-4F8D-AF74-ECC3066256AB}.UITests|iPhone.ActiveCfg = Debug|Any CPU
		{DB0050F7-6900-4F8D-AF74-ECC3066256AB}.UITests|iPhone.Build.0 = Debug|Any CPU
		{9AB7A107-7947-4F98-8790-DC39AD51F4DE}.Debug|Any CPU.ActiveCfg = Debug|Any CPU
		{9AB7A107-7947-4F98-8790-DC39AD51F4DE}.Debug|Any CPU.Build.0 = Debug|Any CPU
		{9AB7A107-7947-4F98-8790-DC39AD51F4DE}.Debug|Any CPU.Deploy.0 = Debug|Any CPU
		{9AB7A107-7947-4F98-8790-DC39AD51F4DE}.Debug|iPhone.ActiveCfg = Debug|Any CPU
		{9AB7A107-7947-4F98-8790-DC39AD51F4DE}.Debug|iPhoneSimulator.ActiveCfg = Debug|Any CPU
		{9AB7A107-7947-4F98-8790-DC39AD51F4DE}.INT|Any CPU.ActiveCfg = INT|Any CPU
		{9AB7A107-7947-4F98-8790-DC39AD51F4DE}.INT|Any CPU.Build.0 = INT|Any CPU
		{9AB7A107-7947-4F98-8790-DC39AD51F4DE}.INT|Any CPU.Deploy.0 = INT|Any CPU
		{9AB7A107-7947-4F98-8790-DC39AD51F4DE}.INT|iPhone.ActiveCfg = INT|Any CPU
		{9AB7A107-7947-4F98-8790-DC39AD51F4DE}.INT|iPhone.Build.0 = INT|Any CPU
		{9AB7A107-7947-4F98-8790-DC39AD51F4DE}.INT|iPhone.Deploy.0 = INT|Any CPU
		{9AB7A107-7947-4F98-8790-DC39AD51F4DE}.INT|iPhoneSimulator.ActiveCfg = INT|Any CPU
		{9AB7A107-7947-4F98-8790-DC39AD51F4DE}.INT|iPhoneSimulator.Build.0 = INT|Any CPU
		{9AB7A107-7947-4F98-8790-DC39AD51F4DE}.INT|iPhoneSimulator.Deploy.0 = INT|Any CPU
		{9AB7A107-7947-4F98-8790-DC39AD51F4DE}.Release|Any CPU.ActiveCfg = Release|Any CPU
		{9AB7A107-7947-4F98-8790-DC39AD51F4DE}.Release|Any CPU.Build.0 = Release|Any CPU
		{9AB7A107-7947-4F98-8790-DC39AD51F4DE}.Release|Any CPU.Deploy.0 = Release|Any CPU
		{9AB7A107-7947-4F98-8790-DC39AD51F4DE}.Release|iPhone.ActiveCfg = Release|Any CPU
		{9AB7A107-7947-4F98-8790-DC39AD51F4DE}.Release|iPhoneSimulator.ActiveCfg = Release|Any CPU
		{9AB7A107-7947-4F98-8790-DC39AD51F4DE}.UITests|iPhone.ActiveCfg = Debug|Any CPU
		{7AB78A5C-B15C-47F0-A3E3-11ADE989ED3C}.Debug|Any CPU.ActiveCfg = Debug|Any CPU
		{7AB78A5C-B15C-47F0-A3E3-11ADE989ED3C}.Debug|Any CPU.Build.0 = Debug|Any CPU
		{7AB78A5C-B15C-47F0-A3E3-11ADE989ED3C}.Debug|iPhone.ActiveCfg = Debug|Any CPU
		{7AB78A5C-B15C-47F0-A3E3-11ADE989ED3C}.Debug|iPhone.Build.0 = Debug|Any CPU
		{7AB78A5C-B15C-47F0-A3E3-11ADE989ED3C}.Debug|iPhoneSimulator.ActiveCfg = Debug|Any CPU
		{7AB78A5C-B15C-47F0-A3E3-11ADE989ED3C}.Debug|iPhoneSimulator.Build.0 = Debug|Any CPU
		{7AB78A5C-B15C-47F0-A3E3-11ADE989ED3C}.INT|Any CPU.ActiveCfg = Release|Any CPU
		{7AB78A5C-B15C-47F0-A3E3-11ADE989ED3C}.INT|Any CPU.Build.0 = Release|Any CPU
		{7AB78A5C-B15C-47F0-A3E3-11ADE989ED3C}.INT|iPhone.ActiveCfg = Release|Any CPU
		{7AB78A5C-B15C-47F0-A3E3-11ADE989ED3C}.INT|iPhone.Build.0 = Release|Any CPU
		{7AB78A5C-B15C-47F0-A3E3-11ADE989ED3C}.INT|iPhoneSimulator.ActiveCfg = Release|Any CPU
		{7AB78A5C-B15C-47F0-A3E3-11ADE989ED3C}.INT|iPhoneSimulator.Build.0 = Release|Any CPU
		{7AB78A5C-B15C-47F0-A3E3-11ADE989ED3C}.Release|Any CPU.ActiveCfg = Release|Any CPU
		{7AB78A5C-B15C-47F0-A3E3-11ADE989ED3C}.Release|Any CPU.Build.0 = Release|Any CPU
		{7AB78A5C-B15C-47F0-A3E3-11ADE989ED3C}.Release|iPhone.ActiveCfg = Release|Any CPU
		{7AB78A5C-B15C-47F0-A3E3-11ADE989ED3C}.Release|iPhone.Build.0 = Release|Any CPU
		{7AB78A5C-B15C-47F0-A3E3-11ADE989ED3C}.Release|iPhoneSimulator.ActiveCfg = Release|Any CPU
		{7AB78A5C-B15C-47F0-A3E3-11ADE989ED3C}.Release|iPhoneSimulator.Build.0 = Release|Any CPU
		{7AB78A5C-B15C-47F0-A3E3-11ADE989ED3C}.UITests|iPhone.ActiveCfg = Debug|Any CPU
		{7AB78A5C-B15C-47F0-A3E3-11ADE989ED3C}.UITests|iPhone.Build.0 = Debug|Any CPU
		{0C493C0D-E2A7-4D84-912F-303AD20234AE}.Debug|Any CPU.ActiveCfg = Debug|Any CPU
		{0C493C0D-E2A7-4D84-912F-303AD20234AE}.Debug|Any CPU.Build.0 = Debug|Any CPU
		{0C493C0D-E2A7-4D84-912F-303AD20234AE}.Debug|iPhone.ActiveCfg = Debug|Any CPU
		{0C493C0D-E2A7-4D84-912F-303AD20234AE}.Debug|iPhone.Build.0 = Debug|Any CPU
		{0C493C0D-E2A7-4D84-912F-303AD20234AE}.Debug|iPhoneSimulator.ActiveCfg = Debug|Any CPU
		{0C493C0D-E2A7-4D84-912F-303AD20234AE}.Debug|iPhoneSimulator.Build.0 = Debug|Any CPU
		{0C493C0D-E2A7-4D84-912F-303AD20234AE}.INT|Any CPU.ActiveCfg = Release|Any CPU
		{0C493C0D-E2A7-4D84-912F-303AD20234AE}.INT|Any CPU.Build.0 = Release|Any CPU
		{0C493C0D-E2A7-4D84-912F-303AD20234AE}.INT|iPhone.ActiveCfg = Release|Any CPU
		{0C493C0D-E2A7-4D84-912F-303AD20234AE}.INT|iPhone.Build.0 = Release|Any CPU
		{0C493C0D-E2A7-4D84-912F-303AD20234AE}.INT|iPhoneSimulator.ActiveCfg = Release|Any CPU
		{0C493C0D-E2A7-4D84-912F-303AD20234AE}.INT|iPhoneSimulator.Build.0 = Release|Any CPU
		{0C493C0D-E2A7-4D84-912F-303AD20234AE}.Release|Any CPU.ActiveCfg = Release|Any CPU
		{0C493C0D-E2A7-4D84-912F-303AD20234AE}.Release|Any CPU.Build.0 = Release|Any CPU
		{0C493C0D-E2A7-4D84-912F-303AD20234AE}.Release|iPhone.ActiveCfg = Release|Any CPU
		{0C493C0D-E2A7-4D84-912F-303AD20234AE}.Release|iPhone.Build.0 = Release|Any CPU
		{0C493C0D-E2A7-4D84-912F-303AD20234AE}.Release|iPhoneSimulator.ActiveCfg = Release|Any CPU
		{0C493C0D-E2A7-4D84-912F-303AD20234AE}.Release|iPhoneSimulator.Build.0 = Release|Any CPU
		{0C493C0D-E2A7-4D84-912F-303AD20234AE}.UITests|iPhone.ActiveCfg = Debug|Any CPU
		{0C493C0D-E2A7-4D84-912F-303AD20234AE}.UITests|iPhone.Build.0 = Debug|Any CPU
		{7E2D65BC-A7E8-49F8-8484-2EBA9828D0DE}.Debug|Any CPU.ActiveCfg = Debug|Any CPU
		{7E2D65BC-A7E8-49F8-8484-2EBA9828D0DE}.Debug|Any CPU.Build.0 = Debug|Any CPU
		{7E2D65BC-A7E8-49F8-8484-2EBA9828D0DE}.Debug|iPhone.ActiveCfg = Debug|Any CPU
		{7E2D65BC-A7E8-49F8-8484-2EBA9828D0DE}.Debug|iPhone.Build.0 = Debug|Any CPU
		{7E2D65BC-A7E8-49F8-8484-2EBA9828D0DE}.Debug|iPhoneSimulator.ActiveCfg = Debug|Any CPU
		{7E2D65BC-A7E8-49F8-8484-2EBA9828D0DE}.Debug|iPhoneSimulator.Build.0 = Debug|Any CPU
		{7E2D65BC-A7E8-49F8-8484-2EBA9828D0DE}.INT|Any CPU.ActiveCfg = Debug|Any CPU
		{7E2D65BC-A7E8-49F8-8484-2EBA9828D0DE}.INT|Any CPU.Build.0 = Debug|Any CPU
		{7E2D65BC-A7E8-49F8-8484-2EBA9828D0DE}.INT|iPhone.ActiveCfg = Debug|Any CPU
		{7E2D65BC-A7E8-49F8-8484-2EBA9828D0DE}.INT|iPhone.Build.0 = Debug|Any CPU
		{7E2D65BC-A7E8-49F8-8484-2EBA9828D0DE}.INT|iPhoneSimulator.ActiveCfg = Debug|Any CPU
		{7E2D65BC-A7E8-49F8-8484-2EBA9828D0DE}.INT|iPhoneSimulator.Build.0 = Debug|Any CPU
		{7E2D65BC-A7E8-49F8-8484-2EBA9828D0DE}.Release|Any CPU.ActiveCfg = Release|Any CPU
		{7E2D65BC-A7E8-49F8-8484-2EBA9828D0DE}.Release|Any CPU.Build.0 = Release|Any CPU
		{7E2D65BC-A7E8-49F8-8484-2EBA9828D0DE}.Release|iPhone.ActiveCfg = Release|Any CPU
		{7E2D65BC-A7E8-49F8-8484-2EBA9828D0DE}.Release|iPhone.Build.0 = Release|Any CPU
		{7E2D65BC-A7E8-49F8-8484-2EBA9828D0DE}.Release|iPhoneSimulator.ActiveCfg = Release|Any CPU
		{7E2D65BC-A7E8-49F8-8484-2EBA9828D0DE}.Release|iPhoneSimulator.Build.0 = Release|Any CPU
		{7E2D65BC-A7E8-49F8-8484-2EBA9828D0DE}.UITests|iPhone.ActiveCfg = Debug|Any CPU
		{7E2D65BC-A7E8-49F8-8484-2EBA9828D0DE}.UITests|iPhone.Build.0 = Debug|Any CPU
		{DDD61C48-3384-4D74-8FF7-1AB4BA7C3604}.Debug|Any CPU.ActiveCfg = Debug|iPhoneSimulator
		{DDD61C48-3384-4D74-8FF7-1AB4BA7C3604}.Debug|Any CPU.Build.0 = Debug|iPhoneSimulator
		{DDD61C48-3384-4D74-8FF7-1AB4BA7C3604}.Debug|iPhone.ActiveCfg = Debug|iPhone
		{DDD61C48-3384-4D74-8FF7-1AB4BA7C3604}.Debug|iPhone.Build.0 = Debug|iPhone
		{DDD61C48-3384-4D74-8FF7-1AB4BA7C3604}.Debug|iPhoneSimulator.ActiveCfg = Debug|iPhoneSimulator
		{DDD61C48-3384-4D74-8FF7-1AB4BA7C3604}.Debug|iPhoneSimulator.Build.0 = Debug|iPhoneSimulator
		{DDD61C48-3384-4D74-8FF7-1AB4BA7C3604}.INT|Any CPU.ActiveCfg = Release|iPhone
		{DDD61C48-3384-4D74-8FF7-1AB4BA7C3604}.INT|Any CPU.Build.0 = Release|iPhone
		{DDD61C48-3384-4D74-8FF7-1AB4BA7C3604}.INT|iPhone.ActiveCfg = Release|iPhone
		{DDD61C48-3384-4D74-8FF7-1AB4BA7C3604}.INT|iPhone.Build.0 = Release|iPhone
		{DDD61C48-3384-4D74-8FF7-1AB4BA7C3604}.INT|iPhoneSimulator.ActiveCfg = Release|iPhoneSimulator
		{DDD61C48-3384-4D74-8FF7-1AB4BA7C3604}.INT|iPhoneSimulator.Build.0 = Release|iPhoneSimulator
		{DDD61C48-3384-4D74-8FF7-1AB4BA7C3604}.Release|Any CPU.ActiveCfg = Release|iPhoneSimulator
		{DDD61C48-3384-4D74-8FF7-1AB4BA7C3604}.Release|Any CPU.Build.0 = Release|iPhoneSimulator
		{DDD61C48-3384-4D74-8FF7-1AB4BA7C3604}.Release|iPhone.ActiveCfg = Release|iPhone
		{DDD61C48-3384-4D74-8FF7-1AB4BA7C3604}.Release|iPhone.Build.0 = Release|iPhone
		{DDD61C48-3384-4D74-8FF7-1AB4BA7C3604}.Release|iPhoneSimulator.ActiveCfg = Release|iPhoneSimulator
		{DDD61C48-3384-4D74-8FF7-1AB4BA7C3604}.Release|iPhoneSimulator.Build.0 = Release|iPhoneSimulator
		{DDD61C48-3384-4D74-8FF7-1AB4BA7C3604}.UITests|iPhone.ActiveCfg = UITests|iPhone
		{DDD61C48-3384-4D74-8FF7-1AB4BA7C3604}.UITests|iPhone.Build.0 = UITests|iPhone
	EndGlobalSection
	GlobalSection(SolutionProperties) = preSolution
		HideSolutionNode = FALSE
	EndGlobalSection
	GlobalSection(NestedProjects) = preSolution
		{112E9C42-C380-485D-B7B7-621C9B5FD70A} = {EB214B76-0520-4937-96E3-7EA52F140DBD}
		{DB0050F7-6900-4F8D-AF74-ECC3066256AB} = {EB214B76-0520-4937-96E3-7EA52F140DBD}
		{7AB78A5C-B15C-47F0-A3E3-11ADE989ED3C} = {EB214B76-0520-4937-96E3-7EA52F140DBD}
		{7E2D65BC-A7E8-49F8-8484-2EBA9828D0DE} = {3BDD4729-3E56-4124-92A5-46A922020FD4}
	EndGlobalSection
	GlobalSection(ExtensibilityGlobals) = postSolution
		SolutionGuid = {46F67C65-A292-43F3-AC94-D0EF35043089}
	EndGlobalSection
	GlobalSection(MonoDevelopProperties) = preSolution
		Policies = $0
		$0.DotNetNamingPolicy = $1
		$1.ResourceNamePolicy = MSBuild
		$0.TextStylePolicy = $2
		$2.scope = text/plain
		$2.NoTabsAfterNonTabs = True
		$2.TabsToSpaces = True
		$0.CSharpFormattingPolicy = $3
		$3.scope = text/x-csharp
		$3.IndentSwitchSection = False
		$3.NewLineForElse = False
		$3.NewLineForCatch = False
		$3.NewLineForFinally = False
		$3.NewLineForMembersInObjectInit = False
		$3.NewLineForMembersInAnonymousTypes = False
		$3.NewLineForClausesInQuery = False
		$3.SpaceBeforeOpenSquareBracket = True
		$0.StandardHeader = $4
		$0.NameConventionPolicy = $5
		$5.Rules = $6
		$6.NamingRule = $7
		$7.Name = Private Fields
		$7.AffectedEntity = Fields
		$7.VisibilityMask = Private
		$7.NamingStyle = CamelCase
		$7.IncludeInstanceMembers = True
		$7.IncludeStaticEntities = True
		$7.RequiredPrefixes = $8
		$8.String = _
		$7.RequiredSuffixes = $9
		$9.String = Exception
		$0.XmlFormattingPolicy = $10
		$10.inheritsSet = null
		$10.inheritsScope = application/xml
		$10.scope = application/xaml+xml
		$0.VersionControlPolicy = $11
	EndGlobalSection
EndGlobal
